{
    "hash": "bc465c390ce06a24f8b050793434da80",
    "packages": [
        {
            "package": "nesbot/carbon",
            "version": "1.0.1"
        },
        {
            "package": "slim/slim",
            "version": "2.1.0"
        }
    ],
    "packages-dev": null,
    "aliases": [

    ],
    "minimum-stability": "stable",
    "stability-flags": [

    ]
}
