{
    "hash": "fe21f93c140adda2afcd34486abc3505",
    "packages": [
        {
            "package": "nesbot/carbon",
            "version": "1.0.1"
        },
        {
            "package": "slim/slim",
            "version": "1.6.7"
        }
    ],
    "packages-dev": null,
    "aliases": [

    ],
    "minimum-stability": "stable",
    "stability-flags": [

    ]
}
